# THIS IS AN AUTOGENERATED FILE. DO NOT EDIT THIS FILE DIRECTLY.
# yarn lockfile v1


"@types/fluent-ffmpeg@^2.1.20":
  version "2.1.20"
  resolved "https://registry.yarnpkg.com/@types/fluent-ffmpeg/-/fluent-ffmpeg-2.1.20.tgz#3b5f42fc8263761d58284fa46ee6759a64ce54ac"
  integrity sha512-B+OvhCdJ3LgEq2PhvWNOiB/EfwnXLElfMCgc4Z1K5zXgSfo9I6uGKwR/lqmNPFQuebNnes7re3gqkV77SyypLg==
  dependencies:
    "@types/node" "*"

"@types/node@*", "@types/node@^17.0.8":
  version "17.0.8"
  resolved "https://registry.yarnpkg.com/@types/node/-/node-17.0.8.tgz#50d680c8a8a78fe30abe6906453b21ad8ab0ad7b"
  integrity sha512-YofkM6fGv4gDJq78g4j0mMuGMkZVxZDgtU0JRdx6FgiJDG+0fY0GKVolOV8WqVmEhLCXkQRjwDdKyPxJp/uucg==

async@>=0.2.9:
  version "3.2.3"
  resolved "https://registry.yarnpkg.com/async/-/async-3.2.3.tgz#ac53dafd3f4720ee9e8a160628f18ea91df196c9"
  integrity sha512-spZRyzKL5l5BZQrr/6m/SqFdBN0q3OCI0f9rjfBzCMBIP4p75P620rR3gTmaksNOhmzgdxcaxdNfMy6anrbM0g==

axios@^0.24.0:
  version "0.24.0"
  resolved "https://registry.yarnpkg.com/axios/-/axios-0.24.0.tgz#804e6fa1e4b9c5288501dd9dff56a7a0940d20d6"
  integrity sha512-Q6cWsys88HoPgAaFAVUb0WpPk0O8iTeisR9IMqy9G8AbO4NlpVknrnQS03zzF9PGAWgO3cgletO3VjV/P7VztA==
  dependencies:
    follow-redirects "^1.14.4"

fluent-ffmpeg@^2.1.2:
  version "2.1.2"
  resolved "https://registry.yarnpkg.com/fluent-ffmpeg/-/fluent-ffmpeg-2.1.2.tgz#c952de2240f812ebda0aa8006d7776ee2acf7d74"
  integrity sha1-yVLeIkD4EuvaCqgAbXd27irPfXQ=
  dependencies:
    async ">=0.2.9"
    which "^1.1.1"

follow-redirects@^1.14.4:
  version "1.14.7"
  resolved "https://registry.yarnpkg.com/follow-redirects/-/follow-redirects-1.14.7.tgz#2004c02eb9436eee9a21446a6477debf17e81685"
  integrity sha512-+hbxoLbFMbRKDwohX8GkTataGqO6Jb7jGwpAlwgy2bIz25XtRm7KEzJM76R1WiNT5SwZkX4Y75SwBolkpmE7iQ==

himalaya@^1.1.0:
  version "1.1.0"
  resolved "https://registry.yarnpkg.com/himalaya/-/himalaya-1.1.0.tgz#31724ae9d35714cd7c6f4be94888953f3604606a"
  integrity sha512-LLase1dHCRMel68/HZTFft0N0wti0epHr3nNY7ynpLbyZpmrKMQ8YIpiOV77TM97cNpC8Wb2n6f66IRggwdWPw==

iconv-lite@0.6.2:
  version "0.6.2"
  resolved "https://registry.yarnpkg.com/iconv-lite/-/iconv-lite-0.6.2.tgz#ce13d1875b0c3a674bd6a04b7f76b01b1b6ded01"
  integrity sha512-2y91h5OpQlolefMPmUlivelittSWy0rP+oYVpn6A7GwVHNE8AWzoYOBNmlwks3LobaJxgHCYZAnyNo2GgpNRNQ==
  dependencies:
    safer-buffer ">= 2.1.2 < 3.0.0"

isexe@^2.0.0:
  version "2.0.0"
  resolved "https://registry.yarnpkg.com/isexe/-/isexe-2.0.0.tgz#e8fbf374dc556ff8947a10dcb0572d633f2cfa10"
  integrity sha1-6PvzdNxVb/iUehDcsFctYz8s+hA=

m3u8stream@^0.8.4:
  version "0.8.6"
  resolved "https://registry.yarnpkg.com/m3u8stream/-/m3u8stream-0.8.6.tgz#0d6de4ce8ee69731734e6b616e7b05dd9d9a55b1"
  integrity sha512-LZj8kIVf9KCphiHmH7sbFQTVe4tOemb202fWwvJwR9W5ENW/1hxJN6ksAWGhQgSBSa3jyWhnjKU1Fw1GaOdbyA==
  dependencies:
    miniget "^4.2.2"
    sax "^1.2.4"

miniget@^4.0.0, miniget@^4.2.2:
  version "4.2.2"
  resolved "https://registry.yarnpkg.com/miniget/-/miniget-4.2.2.tgz#db20320f265efdc4c1826a0be431d56753074475"
  integrity sha512-a7voNL1N5lDMxvTMExOkg+Fq89jM2vY8pAi9ZEWzZtfNmdfP6RXkvUtFnCAXoCv2T9k1v/fUJVaAEuepGcvLYA==

node-id3@^0.2.3:
  version "0.2.3"
  resolved "https://registry.yarnpkg.com/node-id3/-/node-id3-0.2.3.tgz#ae9710eb3e5df0daeacb70bb6fe806913893d35f"
  integrity sha512-HhaCaW6/nSwTxsTKtZiL7tqV9y1qCRjig37Ep3o0EEunpg1egda1vD6TRBpJb29oXPeLuzaWTaCLIQ9QRk52Ag==
  dependencies:
    iconv-lite "0.6.2"

psl@^1.1.33:
  version "1.8.0"
  resolved "https://registry.yarnpkg.com/psl/-/psl-1.8.0.tgz#9326f8bcfb013adcc005fdff056acce020e51c24"
  integrity sha512-RIdOzyoavK+hA18OGGWDqUTsCLhtA7IcZ/6NCs4fFJaHBDab+pDDmDIByWFRQJq2Cd7r1OoQxBGKOaztq+hjIQ==

punycode@^2.1.1:
  version "2.1.1"
  resolved "https://registry.yarnpkg.com/punycode/-/punycode-2.1.1.tgz#b58b010ac40c22c5657616c8d2c2c02c7bf479ec"
  integrity sha512-XRsRjdf+j5ml+y/6GKHPZbrF/8p2Yga0JPtdqTIY2Xe5ohJPD9saDJJLPvp9+NSBprVvevdXZybnj2cv8OEd0A==

"safer-buffer@>= 2.1.2 < 3.0.0":
  version "2.1.2"
  resolved "https://registry.yarnpkg.com/safer-buffer/-/safer-buffer-2.1.2.tgz#44fa161b0187b9549dd84bb91802f9bd8385cd6a"
  integrity sha512-YZo3K82SD7Riyi0E1EQPojLz7kpepnSQI9IyPbHHg1XXXevb5dJI7tpyN2ADxGcQbHG7vcyRHk0cbwqcQriUtg==

sax@^1.1.3, sax@^1.2.4:
  version "1.2.4"
  resolved "https://registry.yarnpkg.com/sax/-/sax-1.2.4.tgz#2816234e2378bddc4e5354fab5caa895df7100d9"
  integrity sha512-NqVDv9TpANUjFm0N8uM5GxL36UgKi9/atZw+x7YFnQ8ckwFGKrl4xX4yWtrey3UJm5nP1kUbnYgLopqWNSRhWw==

tough-cookie@^4.0.0:
  version "4.0.0"
  resolved "https://registry.yarnpkg.com/tough-cookie/-/tough-cookie-4.0.0.tgz#d822234eeca882f991f0f908824ad2622ddbece4"
  integrity sha512-tHdtEpQCMrc1YLrMaqXXcj6AxhYi/xgit6mZu1+EDWUn+qhUf8wMQoFIy9NXuq23zAwtcB0t/MjACGR18pcRbg==
  dependencies:
    psl "^1.1.33"
    punycode "^2.1.1"
    universalify "^0.1.2"

universalify@^0.1.2:
  version "0.1.2"
  resolved "https://registry.yarnpkg.com/universalify/-/universalify-0.1.2.tgz#b646f69be3942dabcecc9d6639c80dc105efaa66"
  integrity sha512-rBJeI5CXAlmy1pV+617WB9J63U6XcazHHF2f2dbJix4XzpUF0RS3Zbj0FGIOCAva5P/d/GBOYaACQ1w+0azUkg==

which@^1.1.1:
  version "1.3.1"
  resolved "https://registry.yarnpkg.com/which/-/which-1.3.1.tgz#a45043d54f5805316da8d62f9f50918d3da70b0a"
  integrity sha512-HxJdYWq1MTIQbJ3nw0cqssHoTNU267KlrDuGZ1WYlxDStUtKUhOaJmh112/TZmHxxUfuJqPXSOm7tDyas0OSIQ==
  dependencies:
    isexe "^2.0.0"

ytdl-core@^4.10.0:
  version "4.10.0"
  resolved "https://registry.yarnpkg.com/ytdl-core/-/ytdl-core-4.10.0.tgz#0835cb411677684539fac2bcc10553f6f58db3e1"
  integrity sha512-RCCoSVTmMeBPH5NFR1fh3nkDU9okvWM0ZdN6plw6I5+vBBZVUEpOt8vjbSgprLRMmGUsmrQZJhvG1CHOat4mLA==
  dependencies:
    m3u8stream "^0.8.4"
    miniget "^4.0.0"
    sax "^1.1.3"

ytmusic-api@^1.0.3:
  version "1.0.3"
  resolved "https://registry.yarnpkg.com/ytmusic-api/-/ytmusic-api-1.0.3.tgz#0cdf79d676a347290c1c0851fbd3f8943042d96f"
  integrity sha512-ProJa/4y4T2wehGEWBXKpLrEiPpgPSAKQkSqogfuVojzWgeZ3aOwNppUnOsCxP8oh8CKo/ANOlYRTsYONAsavg==
  dependencies:
    axios "^0.24.0"
    tough-cookie "^4.0.0"
